
Microsoft Visual Studio Solution File, Format Version 12.00
# Visual Studio Version 17
VisualStudioVersion = 17.4.33213.308
MinimumVisualStudioVersion = 10.0.40219.1
Project("{FAE04EC0-301F-11D3-BF4B-00C04F79EFBC}") = "SistemaWebMisRecetas1", "SistemaWebMisRecetas1\SistemaWebMisRecetas1.csproj", "{E9BB87B2-8761-4365-B210-9A8599EF5411}"
EndProject
Global
	GlobalSection(SolutionConfigurationPlatforms) = preSolution
		Debug|Any CPU = Debug|Any CPU
		Release|Any CPU = Release|Any CPU
	EndGlobalSection
	GlobalSection(ProjectConfigurationPlatforms) = postSolution
		{E9BB87B2-8761-4365-B210-9A8599EF5411}.Debug|Any CPU.ActiveCfg = Debug|Any CPU
		{E9BB87B2-8761-4365-B210-9A8599EF5411}.Debug|Any CPU.Build.0 = Debug|Any CPU
		{E9BB87B2-8761-4365-B210-9A8599EF5411}.Release|Any CPU.ActiveCfg = Release|Any CPU
		{E9BB87B2-8761-4365-B210-9A8599EF5411}.Release|Any CPU.Build.0 = Release|Any CPU
	EndGlobalSection
	GlobalSection(SolutionProperties) = preSolution
		HideSolutionNode = FALSE
	EndGlobalSection
	GlobalSection(ExtensibilityGlobals) = postSolution
		SolutionGuid = {4E50D376-84DA-4510-B63A-A7DF5AA07F54}
	EndGlobalSection
EndGlobal
